dependencies:
- name: postgresql
  repository: https://charts.bitnami.com/bitnami
  version: 18.3.0
- name: rucio-server
  repository: file://../rucio-server
  version: 40.0.0
- name: fts
  repository: file://../fts
  version: 0.1.0
- name: keycloak
  repository: file://../keycloak
  version: 0.1.0
- name: xrootd
  repository: file://../xrootd
  version: 0.1.0
- name: xrootd
  repository: file://../xrootd
  version: 0.1.0
- name: rucio-client
  repository: file://../rucio-client
  version: 0.1.0
- name: rucio-daemons
  repository: file://../rucio-daemons
  version: 40.0.0
- name: teapot
  repository: file://../teapot
  version: 0.1.0
- name: teapot
  repository: file://../teapot
  version: 0.1.0
digest: sha256:7d6ecd0b76b0a1d3ca74770ceafb636977fe787bfb3a7e04aea80eb1aa6d5208
generated: "2026-06-09T11:41:51.811711964Z"
