dependencies:
- name: postgresql
  repository: https://charts.bitnami.com/bitnami
  version: 18.3.0
- name: rucio-server
  repository: git+https://github.com/mgajek-cern/helm-charts.git@charts/rucio-server?ref=master
  version: 41.2.1
- name: fts
  repository: file://../fts
  version: 0.1.0
- name: keycloak
  repository: file://../keycloak
  version: 0.1.0
- name: xrootd
  repository: file://../xrootd
  version: 0.1.0
- name: xrootd
  repository: file://../xrootd
  version: 0.1.0
- name: rucio-client
  repository: file://../rucio-client
  version: 0.1.0
- name: rucio-daemons
  repository: git+https://github.com/mgajek-cern/helm-charts.git@charts/rucio-daemons?ref=master
  version: 41.2.1
- name: teapot
  repository: file://../teapot
  version: 0.1.0
- name: teapot
  repository: file://../teapot
  version: 0.1.0
digest: sha256:fb2f4e940401c968543827badc509303639f3855deef0ce69578bc58c985dc49
generated: "2026-09-03T11:51:25.921491719Z"
