dependencies:
- name: postgresql
  repository: https://charts.bitnami.com/bitnami
  version: 18.3.0
- name: rucio-server
  repository: git+https://github.com/mgajek-cern/helm-charts.git@charts/rucio-server?ref=master
  version: 41.2.1
- name: fts
  repository: file://../fts
  version: 0.1.0
- name: keycloak
  repository: file://../keycloak
  version: 0.1.0
- name: xrootd
  repository: file://../xrootd
  version: 0.1.0
- name: xrootd
  repository: file://../xrootd
  version: 0.1.0
- name: rucio-client
  repository: file://../rucio-client
  version: 0.1.0
- name: rucio-daemons
  repository: git+https://github.com/mgajek-cern/helm-charts.git@charts/rucio-daemons?ref=master
  version: 41.2.1
- name: teapot
  repository: file://../teapot
  version: 0.1.0
- name: teapot
  repository: file://../teapot
  version: 0.1.0
- name: opa
  repository: file://../opa
  version: 0.1.0
digest: sha256:709f0169288c63523be531ebda8edf8edc145e3438f07fa6e502cdf447cd208a
generated: "2026-09-30T15:16:28.042592589Z"
